<Solution>
  <Configurations>
    <Platform Name="x64" />
  </Configurations>
  <Project Path="Array/Array.vcxproj" Id="2e9a4853-e848-4fce-bbc8-1b8a1dcaf465" />
  <Project Path="Class/Class.vcxproj" Id="05fdf6dd-e983-4e20-ae1c-ea174dd7864f" />
  <Project Path="ConsoleInput/ConsoleInput.vcxproj" Id="870a9dd1-6582-4386-a84b-2d5d18938c95" />
  <Project Path="ConsoleIO/ConsoleIO.vcxproj" Id="d0d207c0-c227-4082-a787-db64f7feab3b" />
  <Project Path="CopyConstructor/CopyConstructor.vcxproj" Id="7308eb44-1ee6-4bbe-8019-addebb10da48" />
  <Project Path="CustomRTTI/CustomRTTI.vcxproj" Id="7d72aae5-e2e7-4a11-9abe-42011c018124" />
  <Project Path="ExampleSolveProject/ExampleSolveProject.vcxproj" Id="c8d946cd-7ae8-410d-84d4-350c2984f7bf" />
  <Project Path="FileIO_C/FileIO_C.vcxproj" Id="f447734b-1de8-4d7e-8bcb-6136aab9646f" />
  <Project Path="ForwardDeclaration/ForwardDeclaration.vcxproj" Id="79e48a37-6d43-466b-a875-63e6df04112e" />
  <Project Path="Inline/Inline.vcxproj" Id="d6ef9760-883b-4a95-bada-f4e31af43390" />
  <Project Path="ObjectArray/ObjectArray.vcxproj" Id="c8c93a32-d73d-49df-99f4-abcdd07b0dba" />
  <Project Path="OperatorOverloading/OperatorOverloading.vcxproj" Id="9cd32585-4a72-4071-b3e1-9023ae99b6ed" />
  <Project Path="Playground/Playground.vcxproj" Id="cf25c1ad-03b3-46fd-b520-5032bb23f755" />
  <Project Path="Pointer/Pointer.vcxproj" Id="e9fcb9d1-d3a9-4d99-89a4-5c13ccc92003" />
  <Project Path="Project1/Project1.vcxproj" Id="10307552-39ff-411f-b98d-1b48b8c8e782" />
  <Project Path="RTTI/RTTI.vcxproj" Id="e986fafd-8626-417c-b2db-b03aa83d2167" />
  <Project Path="SolutionBulid/SolutionBulid.vcxproj" Id="3869de2f-4338-4147-a06a-19ead83945c4" />
  <Project Path="Static/Static.vcxproj" Id="fe3698c7-00b7-4b86-b9c1-a74c2c299a02" />
  <Project Path="String/String.vcxproj" Id="0674ad27-a933-4adb-8643-3a463fe4b269" />
  <Project Path="Template/Template.vcxproj" Id="f2ade1ba-16dd-456c-82ab-506de6e7575b" />
  <Project Path="Virtual/Virtual.vcxproj" Id="ff66a354-a212-4279-ad1a-4f266e2d912f" />
</Solution>
